
Microsoft Visual Studio Solution File, Format Version 12.00
# Visual Studio Version 17
VisualStudioVersion = 17.5.002.0
MinimumVisualStudioVersion = 10.0.40219.1
Project("{9A19103F-16F7-4668-BE54-9A1E7A4F7556}") = "DDDNetCore", "DDDNetCore.csproj", "{9F1096C7-2F1F-48FF-911E-552535738C47}"
EndProject
Global
	GlobalSection(SolutionConfigurationPlatforms) = preSolution
		Debug|Any CPU = Debug|Any CPU
		Release|Any CPU = Release|Any CPU
	EndGlobalSection
	GlobalSection(ProjectConfigurationPlatforms) = postSolution
		{9F1096C7-2F1F-48FF-911E-552535738C47}.Debug|Any CPU.ActiveCfg = Debug|Any CPU
		{9F1096C7-2F1F-48FF-911E-552535738C47}.Debug|Any CPU.Build.0 = Debug|Any CPU
		{9F1096C7-2F1F-48FF-911E-552535738C47}.Release|Any CPU.ActiveCfg = Release|Any CPU
		{9F1096C7-2F1F-48FF-911E-552535738C47}.Release|Any CPU.Build.0 = Release|Any CPU
	EndGlobalSection
	GlobalSection(SolutionProperties) = preSolution
		HideSolutionNode = FALSE
	EndGlobalSection
	GlobalSection(ExtensibilityGlobals) = postSolution
		SolutionGuid = {E55E1E92-AE55-4C0E-9B7E-6A4FBDE1B6E8}
	EndGlobalSection
EndGlobal
